{
  "name": "chrome-power-jojo",
  "version": "1.1.0",
  "lockfileVersion": 2,
  "requires": true,
  "packages": {
    "": {
      "version": "1.1.0",
      "license": "MIT",
      "devDependencies": {
        "@types/chrome": "0.0.133"
      }
    },
    "node_modules/@types/chrome": {
      "version": "0.0.133",
      "resolved": "https://registry.npmjs.org/@types/chrome/-/chrome-0.0.133.tgz",
      "integrity": "sha512-G8uIUdaCTBILprQvQXBWGXZxjAWbkCkFQit17cdH3zYQEwU8f/etNl8+M7e8MRz9Xj8daHaVpysneMZMx8/ldQ==",
      "dev": true,
      "dependencies": {
        "@types/filesystem": "*",
        "@types/har-format": "*"
      }
    },
    "node_modules/@types/filesystem": {
      "version": "0.0.29",
      "resolved": "https://registry.npmjs.org/@types/filesystem/-/filesystem-0.0.29.tgz",
      "integrity": "sha512-85/1KfRedmfPGsbK8YzeaQUyV1FQAvMPMTuWFQ5EkLd2w7szhNO96bk3Rh/SKmOfd9co2rCLf0Voy4o7ECBOvw==",
      "dev": true,
      "dependencies": {
        "@types/filewriter": "*"
      }
    },
    "node_modules/@types/filewriter": {
      "version": "0.0.28",
      "resolved": "https://registry.npmjs.org/@types/filewriter/-/filewriter-0.0.28.tgz",
      "integrity": "sha1-wFTor02d11205jq8dviFFocU1LM=",
      "dev": true
    },
    "node_modules/@types/har-format": {
      "version": "1.2.5",
      "resolved": "https://registry.npmjs.org/@types/har-format/-/har-format-1.2.5.tgz",
      "integrity": "sha512-IG8AE1m2pWtPqQ7wXhFhy6Q59bwwnLwO36v5Rit2FrbXCIp8Sk8E2PfUCreyrdo17STwFSKDAkitVuVYbpEHvQ==",
      "dev": true
    }
  },
  "dependencies": {
    "@types/chrome": {
      "version": "0.0.133",
      "resolved": "https://registry.npmjs.org/@types/chrome/-/chrome-0.0.133.tgz",
      "integrity": "sha512-G8uIUdaCTBILprQvQXBWGXZxjAWbkCkFQit17cdH3zYQEwU8f/etNl8+M7e8MRz9Xj8daHaVpysneMZMx8/ldQ==",
      "dev": true,
      "requires": {
        "@types/filesystem": "*",
        "@types/har-format": "*"
      }
    },
    "@types/filesystem": {
      "version": "0.0.29",
      "resolved": "https://registry.npmjs.org/@types/filesystem/-/filesystem-0.0.29.tgz",
      "integrity": "sha512-85/1KfRedmfPGsbK8YzeaQUyV1FQAvMPMTuWFQ5EkLd2w7szhNO96bk3Rh/SKmOfd9co2rCLf0Voy4o7ECBOvw==",
      "dev": true,
      "requires": {
        "@types/filewriter": "*"
      }
    },
    "@types/filewriter": {
      "version": "0.0.28",
      "resolved": "https://registry.npmjs.org/@types/filewriter/-/filewriter-0.0.28.tgz",
      "integrity": "sha1-wFTor02d11205jq8dviFFocU1LM=",
      "dev": true
    },
    "@types/har-format": {
      "version": "1.2.5",
      "resolved": "https://registry.npmjs.org/@types/har-format/-/har-format-1.2.5.tgz",
      "integrity": "sha512-IG8AE1m2pWtPqQ7wXhFhy6Q59bwwnLwO36v5Rit2FrbXCIp8Sk8E2PfUCreyrdo17STwFSKDAkitVuVYbpEHvQ==",
      "dev": true
    }
  }
}
